// !$*UTF8*$!
{
	archiveVersion = 1;
	classes = {
	};
	objectVersion = 46;
	objects = {

/* Begin PBXBuildFile section */
		AB90421E1CA367D900F74791 /* main.m in Sources */ = {isa = PBXBuildFile; fileRef = AB90421D1CA367D900F74791 /* main.m */; };
		AB9042211CA367D900F74791 /* AppDelegate.m in Sources */ = {isa = PBXBuildFile; fileRef = AB9042201CA367D900F74791 /* AppDelegate.m */; };
		AB9042241CA367D900F74791 /* ViewController.m in Sources */ = {isa = PBXBuildFile; fileRef = AB9042231CA367D900F74791 /* ViewController.m */; };
		AB9042271CA367D900F74791 /* Main.storyboard in Resources */ = {isa = PBXBuildFile; fileRef = AB9042251CA367D900F74791 /* Main.storyboard */; };
		AB9042291CA367D900F74791 /* Assets.xcassets in Resources */ = {isa = PBXBuildFile; fileRef = AB9042281CA367D900F74791 /* Assets.xcassets */; };
		AB90422C1CA367D900F74791 /* LaunchScreen.storyboard in Resources */ = {isa = PBXBuildFile; fileRef = AB90422A1CA367D900F74791 /* LaunchScreen.storyboard */; };
		AB9042371CA367D900F74791 /* showRoomsTests.m in Sources */ = {isa = PBXBuildFile; fileRef = AB9042361CA367D900F74791 /* showRoomsTests.m */; };
		AB9042421CA367D900F74791 /* showRoomsUITests.m in Sources */ = {isa = PBXBuildFile; fileRef = AB9042411CA367D900F74791 /* showRoomsUITests.m */; };
/* End PBXBuildFile section */

/* Begin PBXContainerItemProxy section */
		AB9042331CA367D900F74791 /* PBXContainerItemProxy */ = {
			isa = PBXContainerItemProxy;
			containerPortal = AB9042111CA367D900F74791 /* Project object */;
			proxyType = 1;
			remoteGlobalIDString = AB9042181CA367D900F74791;
			remoteInfo = showRooms;
		};
		AB90423E1CA367D900F74791 /* PBXContainerItemProxy */ = {
			isa = PBXContainerItemProxy;
			containerPortal = AB9042111CA367D900F74791 /* Project object */;
			proxyType = 1;
			remoteGlobalIDString = AB9042181CA367D900F74791;
			remoteInfo = showRooms;
		};
/* End PBXContainerItemProxy section */

/* Begin PBXFileReference section */
		AB9042191CA367D900F74791 /* showRooms.app */ = {isa = PBXFileReference; explicitFileType = wrapper.application; includeInIndex = 0; path = showRooms.app; sourceTree = BUILT_PRODUCTS_DIR; };
		AB90421D1CA367D900F74791 /* main.m */ = {isa = PBXFileReference; lastKnownFileType = sourcecode.c.objc; path = main.m; sourceTree = "<group>"; };
		AB90421F1CA367D900F74791 /* AppDelegate.h */ = {isa = PBXFileReference; lastKnownFileType = sourcecode.c.h; path = AppDelegate.h; sourceTree = "<group>"; };
		AB9042201CA367D900F74791 /* AppDelegate.m */ = {isa = PBXFileReference; lastKnownFileType = sourcecode.c.objc; path = AppDelegate.m; sourceTree = "<group>"; };
		AB9042221CA367D900F74791 /* ViewController.h */ = {isa = PBXFileReference; lastKnownFileType = sourcecode.c.h; path = ViewController.h; sourceTree = "<group>"; };
		AB9042231CA367D900F74791 /* ViewController.m */ = {isa = PBXFileReference; lastKnownFileType = sourcecode.c.objc; path = ViewController.m; sourceTree = "<group>"; };
		AB9042261CA367D900F74791 /* Base */ = {isa = PBXFileReference; lastKnownFileType = file.storyboard; name = Base; path = Base.lproj/Main.storyboard; sourceTree = "<group>"; };
		AB9042281CA367D900F74791 /* Assets.xcassets */ = {isa = PBXFileReference; lastKnownFileType = folder.assetcatalog; path = Assets.xcassets; sourceTree = "<group>"; };
		AB90422B1CA367D900F74791 /* Base */ = {isa = PBXFileReference; lastKnownFileType = file.storyboard; name = Base; path = Base.lproj/LaunchScreen.storyboard; sourceTree = "<group>"; };
		AB90422D1CA367D900F74791 /* Info.plist */ = {isa = PBXFileReference; lastKnownFileType = text.plist.xml; path = Info.plist; sourceTree = "<group>"; };
		AB9042321CA367D900F74791 /* showRoomsTests.xctest */ = {isa = PBXFileReference; explicitFileType = wrapper.cfbundle; includeInIndex = 0; path = showRoomsTests.xctest; sourceTree = BUILT_PRODUCTS_DIR; };
		AB9042361CA367D900F74791 /* showRoomsTests.m */ = {isa = PBXFileReference; lastKnownFileType = sourcecode.c.objc; path = showRoomsTests.m; sourceTree = "<group>"; };
		AB9042381CA367D900F74791 /* Info.plist */ = {isa = PBXFileReference; lastKnownFileType = text.plist.xml; path = Info.plist; sourceTree = "<group>"; };
		AB90423D1CA367D900F74791 /* showRoomsUITests.xctest */ = {isa = PBXFileReference; explicitFileType = wrapper.cfbundle; includeInIndex = 0; path = showRoomsUITests.xctest; sourceTree = BUILT_PRODUCTS_DIR; };
		AB9042411CA367D900F74791 /* showRoomsUITests.m */ = {isa = PBXFileReference; lastKnownFileType = sourcecode.c.objc; path = showRoomsUITests.m; sourceTree = "<group>"; };
		AB9042431CA367D900F74791 /* Info.plist */ = {isa = PBXFileReference; lastKnownFileType = text.plist.xml; path = Info.plist; sourceTree = "<group>"; };
/* End PBXFileReference section */

/* Begin PBXFrameworksBuildPhase section */
		AB9042161CA367D900F74791 /* Frameworks */ = {
			isa = PBXFrameworksBuildPhase;
			buildActionMask = 2147483647;
			files = (
			);
			runOnlyForDeploymentPostprocessing = 0;
		};
		AB90422F1CA367D900F74791 /* Frameworks */ = {
			isa = PBXFrameworksBuildPhase;
			buildActionMask = 2147483647;
			files = (
			);
			runOnlyForDeploymentPostprocessing = 0;
		};
		AB90423A1CA367D900F74791 /* Frameworks */ = {
			isa = PBXFrameworksBuildPhase;
			buildActionMask = 2147483647;
			files = (
			);
			runOnlyForDeploymentPostprocessing = 0;
		};
/* End PBXFrameworksBuildPhase section */

/* Begin PBXGroup section */
		AB9042101CA367D900F74791 = {
			isa = PBXGroup;
			children = (
				AB90421B1CA367D900F74791 /* showRooms */,
				AB9042351CA367D900F74791 /* showRoomsTests */,
				AB9042401CA367D900F74791 /* showRoomsUITests */,
				AB90421A1CA367D900F74791 /* Products */,
			);
			sourceTree = "<group>";
		};
		AB90421A1CA367D900F74791 /* Products */ = {
			isa = PBXGroup;
			children = (
				AB9042191CA367D900F74791 /* showRooms.app */,
				AB9042321CA367D900F74791 /* showRoomsTests.xctest */,
				AB90423D1CA367D900F74791 /* showRoomsUITests.xctest */,
			);
			name = Products;
			sourceTree = "<group>";
		};
		AB90421B1CA367D900F74791 /* showRooms */ = {
			isa = PBXGroup;
			children = (
				AB90421F1CA367D900F74791 /* AppDelegate.h */,
				AB9042201CA367D900F74791 /* AppDelegate.m */,
				AB9042221CA367D900F74791 /* ViewController.h */,
				AB9042231CA367D900F74791 /* ViewController.m */,
				AB9042251CA367D900F74791 /* Main.storyboard */,
				AB9042281CA367D900F74791 /* Assets.xcassets */,
				AB90422A1CA367D900F74791 /* LaunchScreen.storyboard */,
				AB90422D1CA367D900F74791 /* Info.plist */,
				AB90421C1CA367D900F74791 /* Supporting Files */,
			);
			path = showRooms;
			sourceTree = "<group>";
		};
		AB90421C1CA367D900F74791 /* Supporting Files */ = {
			isa = PBXGroup;
			children = (
				AB90421D1CA367D900F74791 /* main.m */,
			);
			name = "Supporting Files";
			sourceTree = "<group>";
		};
		AB9042351CA367D900F74791 /* showRoomsTests */ = {
			isa = PBXGroup;
			children = (
				AB9042361CA367D900F74791 /* showRoomsTests.m */,
				AB9042381CA367D900F74791 /* Info.plist */,
			);
			path = showRoomsTests;
			sourceTree = "<group>";
		};
		AB9042401CA367D900F74791 /* showRoomsUITests */ = {
			isa = PBXGroup;
			children = (
				AB9042411CA367D900F74791 /* showRoomsUITests.m */,
				AB9042431CA367D900F74791 /* Info.plist */,
			);
			path = showRoomsUITests;
			sourceTree = "<group>";
		};
/* End PBXGroup section */

/* Begin PBXNativeTarget section */
		AB9042181CA367D900F74791 /* showRooms */ = {
			isa = PBXNativeTarget;
			buildConfigurationList = AB9042461CA367D900F74791 /* Build configuration list for PBXNativeTarget "showRooms" */;
			buildPhases = (
				AB9042151CA367D900F74791 /* Sources */,
				AB9042161CA367D900F74791 /* Frameworks */,
				AB9042171CA367D900F74791 /* Resources */,
			);
			buildRules = (
			);
			dependencies = (
			);
			name = showRooms;
			productName = showRooms;
			productReference = AB9042191CA367D900F74791 /* showRooms.app */;
			productType = "com.apple.product-type.application";
		};
		AB9042311CA367D900F74791 /* showRoomsTests */ = {
			isa = PBXNativeTarget;
			buildConfigurationList = AB9042491CA367D900F74791 /* Build configuration list for PBXNativeTarget "showRoomsTests" */;
			buildPhases = (
				AB90422E1CA367D900F74791 /* Sources */,
				AB90422F1CA367D900F74791 /* Frameworks */,
				AB9042301CA367D900F74791 /* Resources */,
			);
			buildRules = (
			);
			dependencies = (
				AB9042341CA367D900F74791 /* PBXTargetDependency */,
			);
			name = showRoomsTests;
			productName = showRoomsTests;
			productReference = AB9042321CA367D900F74791 /* showRoomsTests.xctest */;
			productType = "com.apple.product-type.bundle.unit-test";
		};
		AB90423C1CA367D900F74791 /* showRoomsUITests */ = {
			isa = PBXNativeTarget;
			buildConfigurationList = AB90424C1CA367D900F74791 /* Build configuration list for PBXNativeTarget "showRoomsUITests" */;
			buildPhases = (
				AB9042391CA367D900F74791 /* Sources */,
				AB90423A1CA367D900F74791 /* Frameworks */,
				AB90423B1CA367D900F74791 /* Resources */,
			);
			buildRules = (
			);
			dependencies = (
				AB90423F1CA367D900F74791 /* PBXTargetDependency */,
			);
			name = showRoomsUITests;
			productName = showRoomsUITests;
			productReference = AB90423D1CA367D900F74791 /* showRoomsUITests.xctest */;
			productType = "com.apple.product-type.bundle.ui-testing";
		};
/* End PBXNativeTarget section */

/* Begin PBXProject section */
		AB9042111CA367D900F74791 /* Project object */ = {
			isa = PBXProject;
			attributes = {
				LastUpgradeCheck = 0720;
				ORGANIZATIONNAME = techmaster;
				TargetAttributes = {
					AB9042181CA367D900F74791 = {
						CreatedOnToolsVersion = 7.2.1;
						DevelopmentTeam = K59673P662;
					};
					AB9042311CA367D900F74791 = {
						CreatedOnToolsVersion = 7.2.1;
						DevelopmentTeam = K59673P662;
						TestTargetID = AB9042181CA367D900F74791;
					};
					AB90423C1CA367D900F74791 = {
						CreatedOnToolsVersion = 7.2.1;
						DevelopmentTeam = K59673P662;
						TestTargetID = AB9042181CA367D900F74791;
					};
				};
			};
			buildConfigurationList = AB9042141CA367D900F74791 /* Build configuration list for PBXProject "showRooms" */;
			compatibilityVersion = "Xcode 3.2";
			developmentRegion = English;
			hasScannedForEncodings = 0;
			knownRegions = (
				en,
				Base,
			);
			mainGroup = AB9042101CA367D900F74791;
			productRefGroup = AB90421A1CA367D900F74791 /* Products */;
			projectDirPath = "";
			projectRoot = "";
			targets = (
				AB9042181CA367D900F74791 /* showRooms */,
				AB9042311CA367D900F74791 /* showRoomsTests */,
				AB90423C1CA367D900F74791 /* showRoomsUITests */,
			);
		};
/* End PBXProject section */

/* Begin PBXResourcesBuildPhase section */
		AB9042171CA367D900F74791 /* Resources */ = {
			isa = PBXResourcesBuildPhase;
			buildActionMask = 2147483647;
			files = (
				AB90422C1CA367D900F74791 /* LaunchScreen.storyboard in Resources */,
				AB9042291CA367D900F74791 /* Assets.xcassets in Resources */,
				AB9042271CA367D900F74791 /* Main.storyboard in Resources */,
			);
			runOnlyForDeploymentPostprocessing = 0;
		};
		AB9042301CA367D900F74791 /* Resources */ = {
			isa = PBXResourcesBuildPhase;
			buildActionMask = 2147483647;
			files = (
			);
			runOnlyForDeploymentPostprocessing = 0;
		};
		AB90423B1CA367D900F74791 /* Resources */ = {
			isa = PBXResourcesBuildPhase;
			buildActionMask = 2147483647;
			files = (
			);
			runOnlyForDeploymentPostprocessing = 0;
		};
/* End PBXResourcesBuildPhase section */

/* Begin PBXSourcesBuildPhase section */
		AB9042151CA367D900F74791 /* Sources */ = {
			isa = PBXSourcesBuildPhase;
			buildActionMask = 2147483647;
			files = (
				AB9042241CA367D900F74791 /* ViewController.m in Sources */,
				AB9042211CA367D900F74791 /* AppDelegate.m in Sources */,
				AB90421E1CA367D900F74791 /* main.m in Sources */,
			);
			runOnlyForDeploymentPostprocessing = 0;
		};
		AB90422E1CA367D900F74791 /* Sources */ = {
			isa = PBXSourcesBuildPhase;
			buildActionMask = 2147483647;
			files = (
				AB9042371CA367D900F74791 /* showRoomsTests.m in Sources */,
			);
			runOnlyForDeploymentPostprocessing = 0;
		};
		AB9042391CA367D900F74791 /* Sources */ = {
			isa = PBXSourcesBuildPhase;
			buildActionMask = 2147483647;
			files = (
				AB9042421CA367D900F74791 /* showRoomsUITests.m in Sources */,
			);
			runOnlyForDeploymentPostprocessing = 0;
		};
/* End PBXSourcesBuildPhase section */

/* Begin PBXTargetDependency section */
		AB9042341CA367D900F74791 /* PBXTargetDependency */ = {
			isa = PBXTargetDependency;
			target = AB9042181CA367D900F74791 /* showRooms */;
			targetProxy = AB9042331CA367D900F74791 /* PBXContainerItemProxy */;
		};
		AB90423F1CA367D900F74791 /* PBXTargetDependency */ = {
			isa = PBXTargetDependency;
			target = AB9042181CA367D900F74791 /* showRooms */;
			targetProxy = AB90423E1CA367D900F74791 /* PBXContainerItemProxy */;
		};
/* End PBXTargetDependency section */

/* Begin PBXVariantGroup section */
		AB9042251CA367D900F74791 /* Main.storyboard */ = {
			isa = PBXVariantGroup;
			children = (
				AB9042261CA367D900F74791 /* Base */,
			);
			name = Main.storyboard;
			sourceTree = "<group>";
		};
		AB90422A1CA367D900F74791 /* LaunchScreen.storyboard */ = {
			isa = PBXVariantGroup;
			children = (
				AB90422B1CA367D900F74791 /* Base */,
			);
			name = LaunchScreen.storyboard;
			sourceTree = "<group>";
		};
/* End PBXVariantGroup section */

/* Begin XCBuildConfiguration section */
		AB9042441CA367D900F74791 /* Debug */ = {
			isa = XCBuildConfiguration;
			buildSettings = {
				ALWAYS_SEARCH_USER_PATHS = NO;
				CLANG_CXX_LANGUAGE_STANDARD = "gnu++0x";
				CLANG_CXX_LIBRARY = "libc++";
				CLANG_ENABLE_MODULES = YES;
				CLANG_ENABLE_OBJC_ARC = YES;
				CLANG_WARN_BOOL_CONVERSION = YES;
				CLANG_WARN_CONSTANT_CONVERSION = YES;
				CLANG_WARN_DIRECT_OBJC_ISA_USAGE = YES_ERROR;
				CLANG_WARN_EMPTY_BODY = YES;
				CLANG_WARN_ENUM_CONVERSION = YES;
				CLANG_WARN_INT_CONVERSION = YES;
				CLANG_WARN_OBJC_ROOT_CLASS = YES_ERROR;
				CLANG_WARN_UNREACHABLE_CODE = YES;
				CLANG_WARN__DUPLICATE_METHOD_MATCH = YES;
				"CODE_SIGN_IDENTITY[sdk=iphoneos*]" = "iPhone Developer";
				COPY_PHASE_STRIP = NO;
				DEBUG_INFORMATION_FORMAT = dwarf;
				ENABLE_STRICT_OBJC_MSGSEND = YES;
				ENABLE_TESTABILITY = YES;
				GCC_C_LANGUAGE_STANDARD = gnu99;
				GCC_DYNAMIC_NO_PIC = NO;
				GCC_NO_COMMON_BLOCKS = YES;
				GCC_OPTIMIZATION_LEVEL = 0;
				GCC_PREPROCESSOR_DEFINITIONS = (
					"DEBUG=1",
					"$(inherited)",
				);
				GCC_WARN_64_TO_32_BIT_CONVERSION = YES;
				GCC_WARN_ABOUT_RETURN_TYPE = YES_ERROR;
				GCC_WARN_UNDECLARED_SELECTOR = YES;
				GCC_WARN_UNINITIALIZED_AUTOS = YES_AGGRESSIVE;
				GCC_WARN_UNUSED_FUNCTION = YES;
				GCC_WARN_UNUSED_VARIABLE = YES;
				IPHONEOS_DEPLOYMENT_TARGET = 9.2;
				MTL_ENABLE_DEBUG_INFO = YES;
				ONLY_ACTIVE_ARCH = YES;
				SDKROOT = iphoneos;
			};
			name = Debug;
		};
		AB9042451CA367D900F74791 /* Release */ = {
			isa = XCBuildConfiguration;
			buildSettings = {
				ALWAYS_SEARCH_USER_PATHS = NO;
				CLANG_CXX_LANGUAGE_STANDARD = "gnu++0x";
				CLANG_CXX_LIBRARY = "libc++";
				CLANG_ENABLE_MODULES = YES;
				CLANG_ENABLE_OBJC_ARC = YES;
				CLANG_WARN_BOOL_CONVERSION = YES;
				CLANG_WARN_CONSTANT_CONVERSION = YES;
				CLANG_WARN_DIRECT_OBJC_ISA_USAGE = YES_ERROR;
				CLANG_WARN_EMPTY_BODY = YES;
				CLANG_WARN_ENUM_CONVERSION = YES;
				CLANG_WARN_INT_CONVERSION = YES;
				CLANG_WARN_OBJC_ROOT_CLASS = YES_ERROR;
				CLANG_WARN_UNREACHABLE_CODE = YES;
				CLANG_WARN__DUPLICATE_METHOD_MATCH = YES;
				"CODE_SIGN_IDENTITY[sdk=iphoneos*]" = "iPhone Developer";
				COPY_PHASE_STRIP = NO;
				DEBUG_INFORMATION_FORMAT = "dwarf-with-dsym";
				ENABLE_NS_ASSERTIONS = NO;
				ENABLE_STRICT_OBJC_MSGSEND = YES;
				GCC_C_LANGUAGE_STANDARD = gnu99;
				GCC_NO_COMMON_BLOCKS = YES;
				GCC_WARN_64_TO_32_BIT_CONVERSION = YES;
				GCC_WARN_ABOUT_RETURN_TYPE = YES_ERROR;
				GCC_WARN_UNDECLARED_SELECTOR = YES;
				GCC_WARN_UNINITIALIZED_AUTOS = YES_AGGRESSIVE;
				GCC_WARN_UNUSED_FUNCTION = YES;
				GCC_WARN_UNUSED_VARIABLE = YES;
				IPHONEOS_DEPLOYMENT_TARGET = 9.2;
				MTL_ENABLE_DEBUG_INFO = NO;
				SDKROOT = iphoneos;
				VALIDATE_PRODUCT = YES;
			};
			name = Release;
		};
		AB9042471CA367D900F74791 /* Debug */ = {
			isa = XCBuildConfiguration;
			buildSettings = {
				ASSETCATALOG_COMPILER_APPICON_NAME = AppIcon;
				INFOPLIST_FILE = showRooms/Info.plist;
				LD_RUNPATH_SEARCH_PATHS = "$(inherited) @executable_path/Frameworks";
				PRODUCT_BUNDLE_IDENTIFIER = hoangthai.vn.showRooms;
				PRODUCT_NAME = "$(TARGET_NAME)";
			};
			name = Debug;
		};
		AB9042481CA367D900F74791 /* Release */ = {
			isa = XCBuildConfiguration;
			buildSettings = {
				ASSETCATALOG_COMPILER_APPICON_NAME = AppIcon;
				INFOPLIST_FILE = showRooms/Info.plist;
				LD_RUNPATH_SEARCH_PATHS = "$(inherited) @executable_path/Frameworks";
				PRODUCT_BUNDLE_IDENTIFIER = hoangthai.vn.showRooms;
				PRODUCT_NAME = "$(TARGET_NAME)";
			};
			name = Release;
		};
		AB90424A1CA367D900F74791 /* Debug */ = {
			isa = XCBuildConfiguration;
			buildSettings = {
				BUNDLE_LOADER = "$(TEST_HOST)";
				INFOPLIST_FILE = showRoomsTests/Info.plist;
				LD_RUNPATH_SEARCH_PATHS = "$(inherited) @executable_path/Frameworks @loader_path/Frameworks";
				PRODUCT_BUNDLE_IDENTIFIER = hoangthai.vn.showRoomsTests;
				PRODUCT_NAME = "$(TARGET_NAME)";
				TEST_HOST = "$(BUILT_PRODUCTS_DIR)/showRooms.app/showRooms";
			};
			name = Debug;
		};
		AB90424B1CA367D900F74791 /* Release */ = {
			isa = XCBuildConfiguration;
			buildSettings = {
				BUNDLE_LOADER = "$(TEST_HOST)";
				INFOPLIST_FILE = showRoomsTests/Info.plist;
				LD_RUNPATH_SEARCH_PATHS = "$(inherited) @executable_path/Frameworks @loader_path/Frameworks";
				PRODUCT_BUNDLE_IDENTIFIER = hoangthai.vn.showRoomsTests;
				PRODUCT_NAME = "$(TARGET_NAME)";
				TEST_HOST = "$(BUILT_PRODUCTS_DIR)/showRooms.app/showRooms";
			};
			name = Release;
		};
		AB90424D1CA367D900F74791 /* Debug */ = {
			isa = XCBuildConfiguration;
			buildSettings = {
				INFOPLIST_FILE = showRoomsUITests/Info.plist;
				LD_RUNPATH_SEARCH_PATHS = "$(inherited) @executable_path/Frameworks @loader_path/Frameworks";
				PRODUCT_BUNDLE_IDENTIFIER = hoangthai.vn.showRoomsUITests;
				PRODUCT_NAME = "$(TARGET_NAME)";
				TEST_TARGET_NAME = showRooms;
				USES_XCTRUNNER = YES;
			};
			name = Debug;
		};
		AB90424E1CA367D900F74791 /* Release */ = {
			isa = XCBuildConfiguration;
			buildSettings = {
				INFOPLIST_FILE = showRoomsUITests/Info.plist;
				LD_RUNPATH_SEARCH_PATHS = "$(inherited) @executable_path/Frameworks @loader_path/Frameworks";
				PRODUCT_BUNDLE_IDENTIFIER = hoangthai.vn.showRoomsUITests;
				PRODUCT_NAME = "$(TARGET_NAME)";
				TEST_TARGET_NAME = showRooms;
				USES_XCTRUNNER = YES;
			};
			name = Release;
		};
/* End XCBuildConfiguration section */

/* Begin XCConfigurationList section */
		AB9042141CA367D900F74791 /* Build configuration list for PBXProject "showRooms" */ = {
			isa = XCConfigurationList;
			buildConfigurations = (
				AB9042441CA367D900F74791 /* Debug */,
				AB9042451CA367D900F74791 /* Release */,
			);
			defaultConfigurationIsVisible = 0;
			defaultConfigurationName = Release;
		};
		AB9042461CA367D900F74791 /* Build configuration list for PBXNativeTarget "showRooms" */ = {
			isa = XCConfigurationList;
			buildConfigurations = (
				AB9042471CA367D900F74791 /* Debug */,
				AB9042481CA367D900F74791 /* Release */,
			);
			defaultConfigurationIsVisible = 0;
		};
		AB9042491CA367D900F74791 /* Build configuration list for PBXNativeTarget "showRoomsTests" */ = {
			isa = XCConfigurationList;
			buildConfigurations = (
				AB90424A1CA367D900F74791 /* Debug */,
				AB90424B1CA367D900F74791 /* Release */,
			);
			defaultConfigurationIsVisible = 0;
		};
		AB90424C1CA367D900F74791 /* Build configuration list for PBXNativeTarget "showRoomsUITests" */ = {
			isa = XCConfigurationList;
			buildConfigurations = (
				AB90424D1CA367D900F74791 /* Debug */,
				AB90424E1CA367D900F74791 /* Release */,
			);
			defaultConfigurationIsVisible = 0;
		};
/* End XCConfigurationList section */
	};
	rootObject = AB9042111CA367D900F74791 /* Project object */;
}
