// !$*UTF8*$!
{
	archiveVersion = 1;
	classes = {
	};
	objectVersion = 46;
	objects = {

/* Begin PBXBuildFile section */
		AB3C7B211CA8CF9E0095AE54 /* DetailsViewController.m in Sources */ = {isa = PBXBuildFile; fileRef = AB3C7B201CA8CF9E0095AE54 /* DetailsViewController.m */; };
		AB90421E1CA367D900F74791 /* main.m in Sources */ = {isa = PBXBuildFile; fileRef = AB90421D1CA367D900F74791 /* main.m */; };
		AB9042211CA367D900F74791 /* AppDelegate.m in Sources */ = {isa = PBXBuildFile; fileRef = AB9042201CA367D900F74791 /* AppDelegate.m */; };
		AB9042271CA367D900F74791 /* Main.storyboard in Resources */ = {isa = PBXBuildFile; fileRef = AB9042251CA367D900F74791 /* Main.storyboard */; };
		AB9042291CA367D900F74791 /* Assets.xcassets in Resources */ = {isa = PBXBuildFile; fileRef = AB9042281CA367D900F74791 /* Assets.xcassets */; };
		AB90422C1CA367D900F74791 /* LaunchScreen.storyboard in Resources */ = {isa = PBXBuildFile; fileRef = AB90422A1CA367D900F74791 /* LaunchScreen.storyboard */; };
		AB9042371CA367D900F74791 /* showRoomsTests.m in Sources */ = {isa = PBXBuildFile; fileRef = AB9042361CA367D900F74791 /* showRoomsTests.m */; };
		AB9042421CA367D900F74791 /* showRoomsUITests.m in Sources */ = {isa = PBXBuildFile; fileRef = AB9042411CA367D900F74791 /* showRoomsUITests.m */; };
		AB9042771CA3680200F74791 /* carIcon25x25.png in Resources */ = {isa = PBXBuildFile; fileRef = AB9042501CA3680200F74791 /* carIcon25x25.png */; };
		AB9042781CA3680200F74791 /* ducati1.jpg in Resources */ = {isa = PBXBuildFile; fileRef = AB9042511CA3680200F74791 /* ducati1.jpg */; };
		AB9042791CA3680200F74791 /* ducati2.jpg in Resources */ = {isa = PBXBuildFile; fileRef = AB9042521CA3680200F74791 /* ducati2.jpg */; };
		AB90427A1CA3680200F74791 /* ducati3.jpg in Resources */ = {isa = PBXBuildFile; fileRef = AB9042531CA3680200F74791 /* ducati3.jpg */; };
		AB90427B1CA3680200F74791 /* ducati4.jpg in Resources */ = {isa = PBXBuildFile; fileRef = AB9042541CA3680200F74791 /* ducati4.jpg */; };
		AB90427C1CA3680200F74791 /* ducati5.jpg in Resources */ = {isa = PBXBuildFile; fileRef = AB9042551CA3680200F74791 /* ducati5.jpg */; };
		AB90427D1CA3680200F74791 /* ducati6.jpg in Resources */ = {isa = PBXBuildFile; fileRef = AB9042561CA3680200F74791 /* ducati6.jpg */; };
		AB90427E1CA3680200F74791 /* DucatiLogo.png in Resources */ = {isa = PBXBuildFile; fileRef = AB9042571CA3680200F74791 /* DucatiLogo.png */; };
		AB90427F1CA3680200F74791 /* DucatiLogo25x25.png in Resources */ = {isa = PBXBuildFile; fileRef = AB9042581CA3680200F74791 /* DucatiLogo25x25.png */; };
		AB9042801CA3680200F74791 /* honda1.jpg in Resources */ = {isa = PBXBuildFile; fileRef = AB9042591CA3680200F74791 /* honda1.jpg */; };
		AB9042811CA3680200F74791 /* honda2.jpg in Resources */ = {isa = PBXBuildFile; fileRef = AB90425A1CA3680200F74791 /* honda2.jpg */; };
		AB9042821CA3680200F74791 /* honda3.jpg in Resources */ = {isa = PBXBuildFile; fileRef = AB90425B1CA3680200F74791 /* honda3.jpg */; };
		AB9042831CA3680200F74791 /* honda4.jpg in Resources */ = {isa = PBXBuildFile; fileRef = AB90425C1CA3680200F74791 /* honda4.jpg */; };
		AB9042841CA3680200F74791 /* honda5.jpg in Resources */ = {isa = PBXBuildFile; fileRef = AB90425D1CA3680200F74791 /* honda5.jpg */; };
		AB9042851CA3680200F74791 /* honda6.jpg in Resources */ = {isa = PBXBuildFile; fileRef = AB90425E1CA3680200F74791 /* honda6.jpg */; };
		AB9042861CA3680200F74791 /* kawasaki1.jpg in Resources */ = {isa = PBXBuildFile; fileRef = AB90425F1CA3680200F74791 /* kawasaki1.jpg */; };
		AB9042871CA3680200F74791 /* kawasaki2.jpg in Resources */ = {isa = PBXBuildFile; fileRef = AB9042601CA3680200F74791 /* kawasaki2.jpg */; };
		AB9042881CA3680200F74791 /* kawasaki3.jpg in Resources */ = {isa = PBXBuildFile; fileRef = AB9042611CA3680200F74791 /* kawasaki3.jpg */; };
		AB9042891CA3680200F74791 /* kawasaki4.jpg in Resources */ = {isa = PBXBuildFile; fileRef = AB9042621CA3680200F74791 /* kawasaki4.jpg */; };
		AB90428A1CA3680200F74791 /* Lamborghini.png in Resources */ = {isa = PBXBuildFile; fileRef = AB9042631CA3680200F74791 /* Lamborghini.png */; };
		AB90428B1CA3680200F74791 /* LamborghiniLogo25x25.png in Resources */ = {isa = PBXBuildFile; fileRef = AB9042641CA3680200F74791 /* LamborghiniLogo25x25.png */; };
		AB90428C1CA3680200F74791 /* mercedes1.jpg in Resources */ = {isa = PBXBuildFile; fileRef = AB9042651CA3680200F74791 /* mercedes1.jpg */; };
		AB90428D1CA3680200F74791 /* mercedes2.jpg in Resources */ = {isa = PBXBuildFile; fileRef = AB9042661CA3680200F74791 /* mercedes2.jpg */; };
		AB90428E1CA3680200F74791 /* mercedes3.jpg in Resources */ = {isa = PBXBuildFile; fileRef = AB9042671CA3680200F74791 /* mercedes3.jpg */; };
		AB90428F1CA3680200F74791 /* mercedes4.jpg in Resources */ = {isa = PBXBuildFile; fileRef = AB9042681CA3680200F74791 /* mercedes4.jpg */; };
		AB9042901CA3680200F74791 /* mercedes5.jpg in Resources */ = {isa = PBXBuildFile; fileRef = AB9042691CA3680200F74791 /* mercedes5.jpg */; };
		AB9042911CA3680200F74791 /* mercedes6.jpg in Resources */ = {isa = PBXBuildFile; fileRef = AB90426A1CA3680200F74791 /* mercedes6.jpg */; };
		AB9042921CA3680200F74791 /* porsche1.jpg in Resources */ = {isa = PBXBuildFile; fileRef = AB90426B1CA3680200F74791 /* porsche1.jpg */; };
		AB9042931CA3680200F74791 /* porsche2.jpg in Resources */ = {isa = PBXBuildFile; fileRef = AB90426C1CA3680200F74791 /* porsche2.jpg */; };
		AB9042941CA3680200F74791 /* porsche3.jpg in Resources */ = {isa = PBXBuildFile; fileRef = AB90426D1CA3680200F74791 /* porsche3.jpg */; };
		AB9042951CA3680200F74791 /* porsche4.jpg in Resources */ = {isa = PBXBuildFile; fileRef = AB90426E1CA3680200F74791 /* porsche4.jpg */; };
		AB9042961CA3680200F74791 /* porsche5.jpg in Resources */ = {isa = PBXBuildFile; fileRef = AB90426F1CA3680200F74791 /* porsche5.jpg */; };
		AB9042971CA3680200F74791 /* VolkswagenLogo.png in Resources */ = {isa = PBXBuildFile; fileRef = AB9042701CA3680200F74791 /* VolkswagenLogo.png */; };
		AB9042981CA3680200F74791 /* VolkswagenLogo25x25.png in Resources */ = {isa = PBXBuildFile; fileRef = AB9042711CA3680200F74791 /* VolkswagenLogo25x25.png */; };
		AB9042991CA3680200F74791 /* yahama1.jpg in Resources */ = {isa = PBXBuildFile; fileRef = AB9042721CA3680200F74791 /* yahama1.jpg */; };
		AB90429A1CA3680200F74791 /* yahama2.jpg in Resources */ = {isa = PBXBuildFile; fileRef = AB9042731CA3680200F74791 /* yahama2.jpg */; };
		AB90429B1CA3680200F74791 /* yahama3.jpg in Resources */ = {isa = PBXBuildFile; fileRef = AB9042741CA3680200F74791 /* yahama3.jpg */; };
		AB90429C1CA3680200F74791 /* yahama4.jpg in Resources */ = {isa = PBXBuildFile; fileRef = AB9042751CA3680200F74791 /* yahama4.jpg */; };
		AB90429D1CA3680200F74791 /* yahama5.jpg in Resources */ = {isa = PBXBuildFile; fileRef = AB9042761CA3680200F74791 /* yahama5.jpg */; };
		AB9042A21CA368BF00F74791 /* Object.m in Sources */ = {isa = PBXBuildFile; fileRef = AB9042A11CA368BF00F74791 /* Object.m */; };
		AB9042A41CA368D400F74791 /* DataObject.plist in Resources */ = {isa = PBXBuildFile; fileRef = AB9042A31CA368D400F74791 /* DataObject.plist */; };
		AB9042A71CA36AA900F74791 /* DataManager.m in Sources */ = {isa = PBXBuildFile; fileRef = AB9042A61CA36AA900F74791 /* DataManager.m */; };
		AB9042AB1CA3737900F74791 /* CarsViewController.m in Sources */ = {isa = PBXBuildFile; fileRef = AB9042AA1CA3737900F74791 /* CarsViewController.m */; };
/* End PBXBuildFile section */

/* Begin PBXContainerItemProxy section */
		AB9042331CA367D900F74791 /* PBXContainerItemProxy */ = {
			isa = PBXContainerItemProxy;
			containerPortal = AB9042111CA367D900F74791 /* Project object */;
			proxyType = 1;
			remoteGlobalIDString = AB9042181CA367D900F74791;
			remoteInfo = showRooms;
		};
		AB90423E1CA367D900F74791 /* PBXContainerItemProxy */ = {
			isa = PBXContainerItemProxy;
			containerPortal = AB9042111CA367D900F74791 /* Project object */;
			proxyType = 1;
			remoteGlobalIDString = AB9042181CA367D900F74791;
			remoteInfo = showRooms;
		};
/* End PBXContainerItemProxy section */

/* Begin PBXFileReference section */
		AB3C7B1F1CA8CF9E0095AE54 /* DetailsViewController.h */ = {isa = PBXFileReference; fileEncoding = 4; lastKnownFileType = sourcecode.c.h; path = DetailsViewController.h; sourceTree = "<group>"; };
		AB3C7B201CA8CF9E0095AE54 /* DetailsViewController.m */ = {isa = PBXFileReference; fileEncoding = 4; lastKnownFileType = sourcecode.c.objc; path = DetailsViewController.m; sourceTree = "<group>"; };
		AB9042191CA367D900F74791 /* showRooms.app */ = {isa = PBXFileReference; explicitFileType = wrapper.application; includeInIndex = 0; path = showRooms.app; sourceTree = BUILT_PRODUCTS_DIR; };
		AB90421D1CA367D900F74791 /* main.m */ = {isa = PBXFileReference; lastKnownFileType = sourcecode.c.objc; path = main.m; sourceTree = "<group>"; };
		AB90421F1CA367D900F74791 /* AppDelegate.h */ = {isa = PBXFileReference; lastKnownFileType = sourcecode.c.h; path = AppDelegate.h; sourceTree = "<group>"; };
		AB9042201CA367D900F74791 /* AppDelegate.m */ = {isa = PBXFileReference; lastKnownFileType = sourcecode.c.objc; path = AppDelegate.m; sourceTree = "<group>"; };
		AB9042261CA367D900F74791 /* Base */ = {isa = PBXFileReference; lastKnownFileType = file.storyboard; name = Base; path = Base.lproj/Main.storyboard; sourceTree = "<group>"; };
		AB9042281CA367D900F74791 /* Assets.xcassets */ = {isa = PBXFileReference; lastKnownFileType = folder.assetcatalog; path = Assets.xcassets; sourceTree = "<group>"; };
		AB90422B1CA367D900F74791 /* Base */ = {isa = PBXFileReference; lastKnownFileType = file.storyboard; name = Base; path = Base.lproj/LaunchScreen.storyboard; sourceTree = "<group>"; };
		AB90422D1CA367D900F74791 /* Info.plist */ = {isa = PBXFileReference; lastKnownFileType = text.plist.xml; path = Info.plist; sourceTree = "<group>"; };
		AB9042321CA367D900F74791 /* showRoomsTests.xctest */ = {isa = PBXFileReference; explicitFileType = wrapper.cfbundle; includeInIndex = 0; path = showRoomsTests.xctest; sourceTree = BUILT_PRODUCTS_DIR; };
		AB9042361CA367D900F74791 /* showRoomsTests.m */ = {isa = PBXFileReference; lastKnownFileType = sourcecode.c.objc; path = showRoomsTests.m; sourceTree = "<group>"; };
		AB9042381CA367D900F74791 /* Info.plist */ = {isa = PBXFileReference; lastKnownFileType = text.plist.xml; path = Info.plist; sourceTree = "<group>"; };
		AB90423D1CA367D900F74791 /* showRoomsUITests.xctest */ = {isa = PBXFileReference; explicitFileType = wrapper.cfbundle; includeInIndex = 0; path = showRoomsUITests.xctest; sourceTree = BUILT_PRODUCTS_DIR; };
		AB9042411CA367D900F74791 /* showRoomsUITests.m */ = {isa = PBXFileReference; lastKnownFileType = sourcecode.c.objc; path = showRoomsUITests.m; sourceTree = "<group>"; };
		AB9042431CA367D900F74791 /* Info.plist */ = {isa = PBXFileReference; lastKnownFileType = text.plist.xml; path = Info.plist; sourceTree = "<group>"; };
		AB9042501CA3680200F74791 /* carIcon25x25.png */ = {isa = PBXFileReference; lastKnownFileType = image.png; path = carIcon25x25.png; sourceTree = "<group>"; };
		AB9042511CA3680200F74791 /* ducati1.jpg */ = {isa = PBXFileReference; lastKnownFileType = image.jpeg; path = ducati1.jpg; sourceTree = "<group>"; };
		AB9042521CA3680200F74791 /* ducati2.jpg */ = {isa = PBXFileReference; lastKnownFileType = image.jpeg; path = ducati2.jpg; sourceTree = "<group>"; };
		AB9042531CA3680200F74791 /* ducati3.jpg */ = {isa = PBXFileReference; lastKnownFileType = image.jpeg; path = ducati3.jpg; sourceTree = "<group>"; };
		AB9042541CA3680200F74791 /* ducati4.jpg */ = {isa = PBXFileReference; lastKnownFileType = image.jpeg; path = ducati4.jpg; sourceTree = "<group>"; };
		AB9042551CA3680200F74791 /* ducati5.jpg */ = {isa = PBXFileReference; lastKnownFileType = image.jpeg; path = ducati5.jpg; sourceTree = "<group>"; };
		AB9042561CA3680200F74791 /* ducati6.jpg */ = {isa = PBXFileReference; lastKnownFileType = image.jpeg; path = ducati6.jpg; sourceTree = "<group>"; };
		AB9042571CA3680200F74791 /* DucatiLogo.png */ = {isa = PBXFileReference; lastKnownFileType = image.png; path = DucatiLogo.png; sourceTree = "<group>"; };
		AB9042581CA3680200F74791 /* DucatiLogo25x25.png */ = {isa = PBXFileReference; lastKnownFileType = image.png; path = DucatiLogo25x25.png; sourceTree = "<group>"; };
		AB9042591CA3680200F74791 /* honda1.jpg */ = {isa = PBXFileReference; lastKnownFileType = image.jpeg; path = honda1.jpg; sourceTree = "<group>"; };
		AB90425A1CA3680200F74791 /* honda2.jpg */ = {isa = PBXFileReference; lastKnownFileType = image.jpeg; path = honda2.jpg; sourceTree = "<group>"; };
		AB90425B1CA3680200F74791 /* honda3.jpg */ = {isa = PBXFileReference; lastKnownFileType = image.jpeg; path = honda3.jpg; sourceTree = "<group>"; };
		AB90425C1CA3680200F74791 /* honda4.jpg */ = {isa = PBXFileReference; lastKnownFileType = image.jpeg; path = honda4.jpg; sourceTree = "<group>"; };
		AB90425D1CA3680200F74791 /* honda5.jpg */ = {isa = PBXFileReference; lastKnownFileType = image.jpeg; path = honda5.jpg; sourceTree = "<group>"; };
		AB90425E1CA3680200F74791 /* honda6.jpg */ = {isa = PBXFileReference; lastKnownFileType = image.jpeg; path = honda6.jpg; sourceTree = "<group>"; };
		AB90425F1CA3680200F74791 /* kawasaki1.jpg */ = {isa = PBXFileReference; lastKnownFileType = image.jpeg; path = kawasaki1.jpg; sourceTree = "<group>"; };
		AB9042601CA3680200F74791 /* kawasaki2.jpg */ = {isa = PBXFileReference; lastKnownFileType = image.jpeg; path = kawasaki2.jpg; sourceTree = "<group>"; };
		AB9042611CA3680200F74791 /* kawasaki3.jpg */ = {isa = PBXFileReference; lastKnownFileType = image.jpeg; path = kawasaki3.jpg; sourceTree = "<group>"; };
		AB9042621CA3680200F74791 /* kawasaki4.jpg */ = {isa = PBXFileReference; lastKnownFileType = image.jpeg; path = kawasaki4.jpg; sourceTree = "<group>"; };
		AB9042631CA3680200F74791 /* Lamborghini.png */ = {isa = PBXFileReference; lastKnownFileType = image.png; path = Lamborghini.png; sourceTree = "<group>"; };
		AB9042641CA3680200F74791 /* LamborghiniLogo25x25.png */ = {isa = PBXFileReference; lastKnownFileType = image.png; path = LamborghiniLogo25x25.png; sourceTree = "<group>"; };
		AB9042651CA3680200F74791 /* mercedes1.jpg */ = {isa = PBXFileReference; lastKnownFileType = image.jpeg; path = mercedes1.jpg; sourceTree = "<group>"; };
		AB9042661CA3680200F74791 /* mercedes2.jpg */ = {isa = PBXFileReference; lastKnownFileType = image.jpeg; path = mercedes2.jpg; sourceTree = "<group>"; };
		AB9042671CA3680200F74791 /* mercedes3.jpg */ = {isa = PBXFileReference; lastKnownFileType = image.jpeg; path = mercedes3.jpg; sourceTree = "<group>"; };
		AB9042681CA3680200F74791 /* mercedes4.jpg */ = {isa = PBXFileReference; lastKnownFileType = image.jpeg; path = mercedes4.jpg; sourceTree = "<group>"; };
		AB9042691CA3680200F74791 /* mercedes5.jpg */ = {isa = PBXFileReference; lastKnownFileType = image.jpeg; path = mercedes5.jpg; sourceTree = "<group>"; };
		AB90426A1CA3680200F74791 /* mercedes6.jpg */ = {isa = PBXFileReference; lastKnownFileType = image.jpeg; path = mercedes6.jpg; sourceTree = "<group>"; };
		AB90426B1CA3680200F74791 /* porsche1.jpg */ = {isa = PBXFileReference; lastKnownFileType = image.jpeg; path = porsche1.jpg; sourceTree = "<group>"; };
		AB90426C1CA3680200F74791 /* porsche2.jpg */ = {isa = PBXFileReference; lastKnownFileType = image.jpeg; path = porsche2.jpg; sourceTree = "<group>"; };
		AB90426D1CA3680200F74791 /* porsche3.jpg */ = {isa = PBXFileReference; lastKnownFileType = image.jpeg; path = porsche3.jpg; sourceTree = "<group>"; };
		AB90426E1CA3680200F74791 /* porsche4.jpg */ = {isa = PBXFileReference; lastKnownFileType = image.jpeg; path = porsche4.jpg; sourceTree = "<group>"; };
		AB90426F1CA3680200F74791 /* porsche5.jpg */ = {isa = PBXFileReference; lastKnownFileType = image.jpeg; path = porsche5.jpg; sourceTree = "<group>"; };
		AB9042701CA3680200F74791 /* VolkswagenLogo.png */ = {isa = PBXFileReference; lastKnownFileType = image.png; path = VolkswagenLogo.png; sourceTree = "<group>"; };
		AB9042711CA3680200F74791 /* VolkswagenLogo25x25.png */ = {isa = PBXFileReference; lastKnownFileType = image.png; path = VolkswagenLogo25x25.png; sourceTree = "<group>"; };
		AB9042721CA3680200F74791 /* yahama1.jpg */ = {isa = PBXFileReference; lastKnownFileType = image.jpeg; path = yahama1.jpg; sourceTree = "<group>"; };
		AB9042731CA3680200F74791 /* yahama2.jpg */ = {isa = PBXFileReference; lastKnownFileType = image.jpeg; path = yahama2.jpg; sourceTree = "<group>"; };
		AB9042741CA3680200F74791 /* yahama3.jpg */ = {isa = PBXFileReference; lastKnownFileType = image.jpeg; path = yahama3.jpg; sourceTree = "<group>"; };
		AB9042751CA3680200F74791 /* yahama4.jpg */ = {isa = PBXFileReference; lastKnownFileType = image.jpeg; path = yahama4.jpg; sourceTree = "<group>"; };
		AB9042761CA3680200F74791 /* yahama5.jpg */ = {isa = PBXFileReference; lastKnownFileType = image.jpeg; path = yahama5.jpg; sourceTree = "<group>"; };
		AB9042A01CA368BF00F74791 /* Object.h */ = {isa = PBXFileReference; fileEncoding = 4; lastKnownFileType = sourcecode.c.h; path = Object.h; sourceTree = "<group>"; };
		AB9042A11CA368BF00F74791 /* Object.m */ = {isa = PBXFileReference; fileEncoding = 4; lastKnownFileType = sourcecode.c.objc; path = Object.m; sourceTree = "<group>"; };
		AB9042A31CA368D400F74791 /* DataObject.plist */ = {isa = PBXFileReference; fileEncoding = 4; lastKnownFileType = text.plist.xml; path = DataObject.plist; sourceTree = "<group>"; };
		AB9042A51CA36AA900F74791 /* DataManager.h */ = {isa = PBXFileReference; fileEncoding = 4; lastKnownFileType = sourcecode.c.h; path = DataManager.h; sourceTree = "<group>"; };
		AB9042A61CA36AA900F74791 /* DataManager.m */ = {isa = PBXFileReference; fileEncoding = 4; lastKnownFileType = sourcecode.c.objc; path = DataManager.m; sourceTree = "<group>"; };
		AB9042A91CA3737900F74791 /* CarsViewController.h */ = {isa = PBXFileReference; fileEncoding = 4; lastKnownFileType = sourcecode.c.h; path = CarsViewController.h; sourceTree = "<group>"; };
		AB9042AA1CA3737900F74791 /* CarsViewController.m */ = {isa = PBXFileReference; fileEncoding = 4; lastKnownFileType = sourcecode.c.objc; path = CarsViewController.m; sourceTree = "<group>"; };
/* End PBXFileReference section */

/* Begin PBXFrameworksBuildPhase section */
		AB9042161CA367D900F74791 /* Frameworks */ = {
			isa = PBXFrameworksBuildPhase;
			buildActionMask = 2147483647;
			files = (
			);
			runOnlyForDeploymentPostprocessing = 0;
		};
		AB90422F1CA367D900F74791 /* Frameworks */ = {
			isa = PBXFrameworksBuildPhase;
			buildActionMask = 2147483647;
			files = (
			);
			runOnlyForDeploymentPostprocessing = 0;
		};
		AB90423A1CA367D900F74791 /* Frameworks */ = {
			isa = PBXFrameworksBuildPhase;
			buildActionMask = 2147483647;
			files = (
			);
			runOnlyForDeploymentPostprocessing = 0;
		};
/* End PBXFrameworksBuildPhase section */

/* Begin PBXGroup section */
		AB9042101CA367D900F74791 = {
			isa = PBXGroup;
			children = (
				AB90421B1CA367D900F74791 /* showRooms */,
				AB9042351CA367D900F74791 /* showRoomsTests */,
				AB9042401CA367D900F74791 /* showRoomsUITests */,
				AB90421A1CA367D900F74791 /* Products */,
			);
			sourceTree = "<group>";
		};
		AB90421A1CA367D900F74791 /* Products */ = {
			isa = PBXGroup;
			children = (
				AB9042191CA367D900F74791 /* showRooms.app */,
				AB9042321CA367D900F74791 /* showRoomsTests.xctest */,
				AB90423D1CA367D900F74791 /* showRoomsUITests.xctest */,
			);
			name = Products;
			sourceTree = "<group>";
		};
		AB90421B1CA367D900F74791 /* showRooms */ = {
			isa = PBXGroup;
			children = (
				AB90421F1CA367D900F74791 /* AppDelegate.h */,
				AB9042201CA367D900F74791 /* AppDelegate.m */,
				AB90429F1CA3689100F74791 /* ViewController */,
				AB90429E1CA3688A00F74791 /* Models */,
				AB90424F1CA3680200F74791 /* photos */,
				AB90421C1CA367D900F74791 /* Supporting Files */,
			);
			path = showRooms;
			sourceTree = "<group>";
		};
		AB90421C1CA367D900F74791 /* Supporting Files */ = {
			isa = PBXGroup;
			children = (
				AB9042281CA367D900F74791 /* Assets.xcassets */,
				AB90422A1CA367D900F74791 /* LaunchScreen.storyboard */,
				AB90422D1CA367D900F74791 /* Info.plist */,
				AB90421D1CA367D900F74791 /* main.m */,
			);
			name = "Supporting Files";
			sourceTree = "<group>";
		};
		AB9042351CA367D900F74791 /* showRoomsTests */ = {
			isa = PBXGroup;
			children = (
				AB9042361CA367D900F74791 /* showRoomsTests.m */,
				AB9042381CA367D900F74791 /* Info.plist */,
			);
			path = showRoomsTests;
			sourceTree = "<group>";
		};
		AB9042401CA367D900F74791 /* showRoomsUITests */ = {
			isa = PBXGroup;
			children = (
				AB9042411CA367D900F74791 /* showRoomsUITests.m */,
				AB9042431CA367D900F74791 /* Info.plist */,
			);
			path = showRoomsUITests;
			sourceTree = "<group>";
		};
		AB90424F1CA3680200F74791 /* photos */ = {
			isa = PBXGroup;
			children = (
				AB9042501CA3680200F74791 /* carIcon25x25.png */,
				AB9042511CA3680200F74791 /* ducati1.jpg */,
				AB9042521CA3680200F74791 /* ducati2.jpg */,
				AB9042531CA3680200F74791 /* ducati3.jpg */,
				AB9042541CA3680200F74791 /* ducati4.jpg */,
				AB9042551CA3680200F74791 /* ducati5.jpg */,
				AB9042561CA3680200F74791 /* ducati6.jpg */,
				AB9042571CA3680200F74791 /* DucatiLogo.png */,
				AB9042581CA3680200F74791 /* DucatiLogo25x25.png */,
				AB9042591CA3680200F74791 /* honda1.jpg */,
				AB90425A1CA3680200F74791 /* honda2.jpg */,
				AB90425B1CA3680200F74791 /* honda3.jpg */,
				AB90425C1CA3680200F74791 /* honda4.jpg */,
				AB90425D1CA3680200F74791 /* honda5.jpg */,
				AB90425E1CA3680200F74791 /* honda6.jpg */,
				AB90425F1CA3680200F74791 /* kawasaki1.jpg */,
				AB9042601CA3680200F74791 /* kawasaki2.jpg */,
				AB9042611CA3680200F74791 /* kawasaki3.jpg */,
				AB9042621CA3680200F74791 /* kawasaki4.jpg */,
				AB9042631CA3680200F74791 /* Lamborghini.png */,
				AB9042641CA3680200F74791 /* LamborghiniLogo25x25.png */,
				AB9042651CA3680200F74791 /* mercedes1.jpg */,
				AB9042661CA3680200F74791 /* mercedes2.jpg */,
				AB9042671CA3680200F74791 /* mercedes3.jpg */,
				AB9042681CA3680200F74791 /* mercedes4.jpg */,
				AB9042691CA3680200F74791 /* mercedes5.jpg */,
				AB90426A1CA3680200F74791 /* mercedes6.jpg */,
				AB90426B1CA3680200F74791 /* porsche1.jpg */,
				AB90426C1CA3680200F74791 /* porsche2.jpg */,
				AB90426D1CA3680200F74791 /* porsche3.jpg */,
				AB90426E1CA3680200F74791 /* porsche4.jpg */,
				AB90426F1CA3680200F74791 /* porsche5.jpg */,
				AB9042701CA3680200F74791 /* VolkswagenLogo.png */,
				AB9042711CA3680200F74791 /* VolkswagenLogo25x25.png */,
				AB9042721CA3680200F74791 /* yahama1.jpg */,
				AB9042731CA3680200F74791 /* yahama2.jpg */,
				AB9042741CA3680200F74791 /* yahama3.jpg */,
				AB9042751CA3680200F74791 /* yahama4.jpg */,
				AB9042761CA3680200F74791 /* yahama5.jpg */,
			);
			name = photos;
			path = MotorsAndCar;
			sourceTree = "<group>";
		};
		AB90429E1CA3688A00F74791 /* Models */ = {
			isa = PBXGroup;
			children = (
				AB9042A31CA368D400F74791 /* DataObject.plist */,
				AB9042A51CA36AA900F74791 /* DataManager.h */,
				AB9042A61CA36AA900F74791 /* DataManager.m */,
				AB9042A01CA368BF00F74791 /* Object.h */,
				AB9042A11CA368BF00F74791 /* Object.m */,
			);
			name = Models;
			sourceTree = "<group>";
		};
		AB90429F1CA3689100F74791 /* ViewController */ = {
			isa = PBXGroup;
			children = (
				AB9042251CA367D900F74791 /* Main.storyboard */,
				AB9042A91CA3737900F74791 /* CarsViewController.h */,
				AB9042AA1CA3737900F74791 /* CarsViewController.m */,
				AB3C7B1F1CA8CF9E0095AE54 /* DetailsViewController.h */,
				AB3C7B201CA8CF9E0095AE54 /* DetailsViewController.m */,
			);
			name = ViewController;
			sourceTree = "<group>";
		};
/* End PBXGroup section */

/* Begin PBXNativeTarget section */
		AB9042181CA367D900F74791 /* showRooms */ = {
			isa = PBXNativeTarget;
			buildConfigurationList = AB9042461CA367D900F74791 /* Build configuration list for PBXNativeTarget "showRooms" */;
			buildPhases = (
				AB9042151CA367D900F74791 /* Sources */,
				AB9042161CA367D900F74791 /* Frameworks */,
				AB9042171CA367D900F74791 /* Resources */,
			);
			buildRules = (
			);
			dependencies = (
			);
			name = showRooms;
			productName = showRooms;
			productReference = AB9042191CA367D900F74791 /* showRooms.app */;
			productType = "com.apple.product-type.application";
		};
		AB9042311CA367D900F74791 /* showRoomsTests */ = {
			isa = PBXNativeTarget;
			buildConfigurationList = AB9042491CA367D900F74791 /* Build configuration list for PBXNativeTarget "showRoomsTests" */;
			buildPhases = (
				AB90422E1CA367D900F74791 /* Sources */,
				AB90422F1CA367D900F74791 /* Frameworks */,
				AB9042301CA367D900F74791 /* Resources */,
			);
			buildRules = (
			);
			dependencies = (
				AB9042341CA367D900F74791 /* PBXTargetDependency */,
			);
			name = showRoomsTests;
			productName = showRoomsTests;
			productReference = AB9042321CA367D900F74791 /* showRoomsTests.xctest */;
			productType = "com.apple.product-type.bundle.unit-test";
		};
		AB90423C1CA367D900F74791 /* showRoomsUITests */ = {
			isa = PBXNativeTarget;
			buildConfigurationList = AB90424C1CA367D900F74791 /* Build configuration list for PBXNativeTarget "showRoomsUITests" */;
			buildPhases = (
				AB9042391CA367D900F74791 /* Sources */,
				AB90423A1CA367D900F74791 /* Frameworks */,
				AB90423B1CA367D900F74791 /* Resources */,
			);
			buildRules = (
			);
			dependencies = (
				AB90423F1CA367D900F74791 /* PBXTargetDependency */,
			);
			name = showRoomsUITests;
			productName = showRoomsUITests;
			productReference = AB90423D1CA367D900F74791 /* showRoomsUITests.xctest */;
			productType = "com.apple.product-type.bundle.ui-testing";
		};
/* End PBXNativeTarget section */

/* Begin PBXProject section */
		AB9042111CA367D900F74791 /* Project object */ = {
			isa = PBXProject;
			attributes = {
				LastUpgradeCheck = 0720;
				ORGANIZATIONNAME = techmaster;
				TargetAttributes = {
					AB9042181CA367D900F74791 = {
						CreatedOnToolsVersion = 7.2.1;
						DevelopmentTeam = K59673P662;
					};
					AB9042311CA367D900F74791 = {
						CreatedOnToolsVersion = 7.2.1;
						DevelopmentTeam = K59673P662;
						TestTargetID = AB9042181CA367D900F74791;
					};
					AB90423C1CA367D900F74791 = {
						CreatedOnToolsVersion = 7.2.1;
						DevelopmentTeam = K59673P662;
						TestTargetID = AB9042181CA367D900F74791;
					};
				};
			};
			buildConfigurationList = AB9042141CA367D900F74791 /* Build configuration list for PBXProject "showRooms" */;
			compatibilityVersion = "Xcode 3.2";
			developmentRegion = English;
			hasScannedForEncodings = 0;
			knownRegions = (
				en,
				Base,
			);
			mainGroup = AB9042101CA367D900F74791;
			productRefGroup = AB90421A1CA367D900F74791 /* Products */;
			projectDirPath = "";
			projectRoot = "";
			targets = (
				AB9042181CA367D900F74791 /* showRooms */,
				AB9042311CA367D900F74791 /* showRoomsTests */,
				AB90423C1CA367D900F74791 /* showRoomsUITests */,
			);
		};
/* End PBXProject section */

/* Begin PBXResourcesBuildPhase section */
		AB9042171CA367D900F74791 /* Resources */ = {
			isa = PBXResourcesBuildPhase;
			buildActionMask = 2147483647;
			files = (
				AB9042981CA3680200F74791 /* VolkswagenLogo25x25.png in Resources */,
				AB90428F1CA3680200F74791 /* mercedes4.jpg in Resources */,
				AB9042931CA3680200F74791 /* porsche2.jpg in Resources */,
				AB9042961CA3680200F74791 /* porsche5.jpg in Resources */,
				AB90427B1CA3680200F74791 /* ducati4.jpg in Resources */,
				AB9042801CA3680200F74791 /* honda1.jpg in Resources */,
				AB90428D1CA3680200F74791 /* mercedes2.jpg in Resources */,
				AB9042791CA3680200F74791 /* ducati2.jpg in Resources */,
				AB9042771CA3680200F74791 /* carIcon25x25.png in Resources */,
				AB9042891CA3680200F74791 /* kawasaki4.jpg in Resources */,
				AB9042781CA3680200F74791 /* ducati1.jpg in Resources */,
				AB9042911CA3680200F74791 /* mercedes6.jpg in Resources */,
				AB90428B1CA3680200F74791 /* LamborghiniLogo25x25.png in Resources */,
				AB9042881CA3680200F74791 /* kawasaki3.jpg in Resources */,
				AB90428A1CA3680200F74791 /* Lamborghini.png in Resources */,
				AB90422C1CA367D900F74791 /* LaunchScreen.storyboard in Resources */,
				AB90428E1CA3680200F74791 /* mercedes3.jpg in Resources */,
				AB90427E1CA3680200F74791 /* DucatiLogo.png in Resources */,
				AB9042991CA3680200F74791 /* yahama1.jpg in Resources */,
				AB9042831CA3680200F74791 /* honda4.jpg in Resources */,
				AB90429D1CA3680200F74791 /* yahama5.jpg in Resources */,
				AB90429A1CA3680200F74791 /* yahama2.jpg in Resources */,
				AB9042291CA367D900F74791 /* Assets.xcassets in Resources */,
				AB9042971CA3680200F74791 /* VolkswagenLogo.png in Resources */,
				AB9042861CA3680200F74791 /* kawasaki1.jpg in Resources */,
				AB9042951CA3680200F74791 /* porsche4.jpg in Resources */,
				AB9042841CA3680200F74791 /* honda5.jpg in Resources */,
				AB9042901CA3680200F74791 /* mercedes5.jpg in Resources */,
				AB90427F1CA3680200F74791 /* DucatiLogo25x25.png in Resources */,
				AB9042811CA3680200F74791 /* honda2.jpg in Resources */,
				AB9042A41CA368D400F74791 /* DataObject.plist in Resources */,
				AB9042921CA3680200F74791 /* porsche1.jpg in Resources */,
				AB90429B1CA3680200F74791 /* yahama3.jpg in Resources */,
				AB90427D1CA3680200F74791 /* ducati6.jpg in Resources */,
				AB90428C1CA3680200F74791 /* mercedes1.jpg in Resources */,
				AB9042851CA3680200F74791 /* honda6.jpg in Resources */,
				AB90427C1CA3680200F74791 /* ducati5.jpg in Resources */,
				AB9042941CA3680200F74791 /* porsche3.jpg in Resources */,
				AB90429C1CA3680200F74791 /* yahama4.jpg in Resources */,
				AB9042271CA367D900F74791 /* Main.storyboard in Resources */,
				AB9042821CA3680200F74791 /* honda3.jpg in Resources */,
				AB9042871CA3680200F74791 /* kawasaki2.jpg in Resources */,
				AB90427A1CA3680200F74791 /* ducati3.jpg in Resources */,
			);
			runOnlyForDeploymentPostprocessing = 0;
		};
		AB9042301CA367D900F74791 /* Resources */ = {
			isa = PBXResourcesBuildPhase;
			buildActionMask = 2147483647;
			files = (
			);
			runOnlyForDeploymentPostprocessing = 0;
		};
		AB90423B1CA367D900F74791 /* Resources */ = {
			isa = PBXResourcesBuildPhase;
			buildActionMask = 2147483647;
			files = (
			);
			runOnlyForDeploymentPostprocessing = 0;
		};
/* End PBXResourcesBuildPhase section */

/* Begin PBXSourcesBuildPhase section */
		AB9042151CA367D900F74791 /* Sources */ = {
			isa = PBXSourcesBuildPhase;
			buildActionMask = 2147483647;
			files = (
				AB9042A21CA368BF00F74791 /* Object.m in Sources */,
				AB9042A71CA36AA900F74791 /* DataManager.m in Sources */,
				AB9042AB1CA3737900F74791 /* CarsViewController.m in Sources */,
				AB3C7B211CA8CF9E0095AE54 /* DetailsViewController.m in Sources */,
				AB9042211CA367D900F74791 /* AppDelegate.m in Sources */,
				AB90421E1CA367D900F74791 /* main.m in Sources */,
			);
			runOnlyForDeploymentPostprocessing = 0;
		};
		AB90422E1CA367D900F74791 /* Sources */ = {
			isa = PBXSourcesBuildPhase;
			buildActionMask = 2147483647;
			files = (
				AB9042371CA367D900F74791 /* showRoomsTests.m in Sources */,
			);
			runOnlyForDeploymentPostprocessing = 0;
		};
		AB9042391CA367D900F74791 /* Sources */ = {
			isa = PBXSourcesBuildPhase;
			buildActionMask = 2147483647;
			files = (
				AB9042421CA367D900F74791 /* showRoomsUITests.m in Sources */,
			);
			runOnlyForDeploymentPostprocessing = 0;
		};
/* End PBXSourcesBuildPhase section */

/* Begin PBXTargetDependency section */
		AB9042341CA367D900F74791 /* PBXTargetDependency */ = {
			isa = PBXTargetDependency;
			target = AB9042181CA367D900F74791 /* showRooms */;
			targetProxy = AB9042331CA367D900F74791 /* PBXContainerItemProxy */;
		};
		AB90423F1CA367D900F74791 /* PBXTargetDependency */ = {
			isa = PBXTargetDependency;
			target = AB9042181CA367D900F74791 /* showRooms */;
			targetProxy = AB90423E1CA367D900F74791 /* PBXContainerItemProxy */;
		};
/* End PBXTargetDependency section */

/* Begin PBXVariantGroup section */
		AB9042251CA367D900F74791 /* Main.storyboard */ = {
			isa = PBXVariantGroup;
			children = (
				AB9042261CA367D900F74791 /* Base */,
			);
			name = Main.storyboard;
			sourceTree = "<group>";
		};
		AB90422A1CA367D900F74791 /* LaunchScreen.storyboard */ = {
			isa = PBXVariantGroup;
			children = (
				AB90422B1CA367D900F74791 /* Base */,
			);
			name = LaunchScreen.storyboard;
			sourceTree = "<group>";
		};
/* End PBXVariantGroup section */

/* Begin XCBuildConfiguration section */
		AB9042441CA367D900F74791 /* Debug */ = {
			isa = XCBuildConfiguration;
			buildSettings = {
				ALWAYS_SEARCH_USER_PATHS = NO;
				CLANG_CXX_LANGUAGE_STANDARD = "gnu++0x";
				CLANG_CXX_LIBRARY = "libc++";
				CLANG_ENABLE_MODULES = YES;
				CLANG_ENABLE_OBJC_ARC = YES;
				CLANG_WARN_BOOL_CONVERSION = YES;
				CLANG_WARN_CONSTANT_CONVERSION = YES;
				CLANG_WARN_DIRECT_OBJC_ISA_USAGE = YES_ERROR;
				CLANG_WARN_EMPTY_BODY = YES;
				CLANG_WARN_ENUM_CONVERSION = YES;
				CLANG_WARN_INT_CONVERSION = YES;
				CLANG_WARN_OBJC_ROOT_CLASS = YES_ERROR;
				CLANG_WARN_UNREACHABLE_CODE = YES;
				CLANG_WARN__DUPLICATE_METHOD_MATCH = YES;
				"CODE_SIGN_IDENTITY[sdk=iphoneos*]" = "iPhone Developer";
				COPY_PHASE_STRIP = NO;
				DEBUG_INFORMATION_FORMAT = dwarf;
				ENABLE_STRICT_OBJC_MSGSEND = YES;
				ENABLE_TESTABILITY = YES;
				GCC_C_LANGUAGE_STANDARD = gnu99;
				GCC_DYNAMIC_NO_PIC = NO;
				GCC_NO_COMMON_BLOCKS = YES;
				GCC_OPTIMIZATION_LEVEL = 0;
				GCC_PREPROCESSOR_DEFINITIONS = (
					"DEBUG=1",
					"$(inherited)",
				);
				GCC_WARN_64_TO_32_BIT_CONVERSION = YES;
				GCC_WARN_ABOUT_RETURN_TYPE = YES_ERROR;
				GCC_WARN_UNDECLARED_SELECTOR = YES;
				GCC_WARN_UNINITIALIZED_AUTOS = YES_AGGRESSIVE;
				GCC_WARN_UNUSED_FUNCTION = YES;
				GCC_WARN_UNUSED_VARIABLE = YES;
				IPHONEOS_DEPLOYMENT_TARGET = 9.2;
				MTL_ENABLE_DEBUG_INFO = YES;
				ONLY_ACTIVE_ARCH = YES;
				SDKROOT = iphoneos;
			};
			name = Debug;
		};
		AB9042451CA367D900F74791 /* Release */ = {
			isa = XCBuildConfiguration;
			buildSettings = {
				ALWAYS_SEARCH_USER_PATHS = NO;
				CLANG_CXX_LANGUAGE_STANDARD = "gnu++0x";
				CLANG_CXX_LIBRARY = "libc++";
				CLANG_ENABLE_MODULES = YES;
				CLANG_ENABLE_OBJC_ARC = YES;
				CLANG_WARN_BOOL_CONVERSION = YES;
				CLANG_WARN_CONSTANT_CONVERSION = YES;
				CLANG_WARN_DIRECT_OBJC_ISA_USAGE = YES_ERROR;
				CLANG_WARN_EMPTY_BODY = YES;
				CLANG_WARN_ENUM_CONVERSION = YES;
				CLANG_WARN_INT_CONVERSION = YES;
				CLANG_WARN_OBJC_ROOT_CLASS = YES_ERROR;
				CLANG_WARN_UNREACHABLE_CODE = YES;
				CLANG_WARN__DUPLICATE_METHOD_MATCH = YES;
				"CODE_SIGN_IDENTITY[sdk=iphoneos*]" = "iPhone Developer";
				COPY_PHASE_STRIP = NO;
				DEBUG_INFORMATION_FORMAT = "dwarf-with-dsym";
				ENABLE_NS_ASSERTIONS = NO;
				ENABLE_STRICT_OBJC_MSGSEND = YES;
				GCC_C_LANGUAGE_STANDARD = gnu99;
				GCC_NO_COMMON_BLOCKS = YES;
				GCC_WARN_64_TO_32_BIT_CONVERSION = YES;
				GCC_WARN_ABOUT_RETURN_TYPE = YES_ERROR;
				GCC_WARN_UNDECLARED_SELECTOR = YES;
				GCC_WARN_UNINITIALIZED_AUTOS = YES_AGGRESSIVE;
				GCC_WARN_UNUSED_FUNCTION = YES;
				GCC_WARN_UNUSED_VARIABLE = YES;
				IPHONEOS_DEPLOYMENT_TARGET = 9.2;
				MTL_ENABLE_DEBUG_INFO = NO;
				SDKROOT = iphoneos;
				VALIDATE_PRODUCT = YES;
			};
			name = Release;
		};
		AB9042471CA367D900F74791 /* Debug */ = {
			isa = XCBuildConfiguration;
			buildSettings = {
				ASSETCATALOG_COMPILER_APPICON_NAME = AppIcon;
				INFOPLIST_FILE = showRooms/Info.plist;
				LD_RUNPATH_SEARCH_PATHS = "$(inherited) @executable_path/Frameworks";
				PRODUCT_BUNDLE_IDENTIFIER = hoangthai.vn.showRooms;
				PRODUCT_NAME = "$(TARGET_NAME)";
			};
			name = Debug;
		};
		AB9042481CA367D900F74791 /* Release */ = {
			isa = XCBuildConfiguration;
			buildSettings = {
				ASSETCATALOG_COMPILER_APPICON_NAME = AppIcon;
				INFOPLIST_FILE = showRooms/Info.plist;
				LD_RUNPATH_SEARCH_PATHS = "$(inherited) @executable_path/Frameworks";
				PRODUCT_BUNDLE_IDENTIFIER = hoangthai.vn.showRooms;
				PRODUCT_NAME = "$(TARGET_NAME)";
			};
			name = Release;
		};
		AB90424A1CA367D900F74791 /* Debug */ = {
			isa = XCBuildConfiguration;
			buildSettings = {
				BUNDLE_LOADER = "$(TEST_HOST)";
				INFOPLIST_FILE = showRoomsTests/Info.plist;
				LD_RUNPATH_SEARCH_PATHS = "$(inherited) @executable_path/Frameworks @loader_path/Frameworks";
				PRODUCT_BUNDLE_IDENTIFIER = hoangthai.vn.showRoomsTests;
				PRODUCT_NAME = "$(TARGET_NAME)";
				TEST_HOST = "$(BUILT_PRODUCTS_DIR)/showRooms.app/showRooms";
			};
			name = Debug;
		};
		AB90424B1CA367D900F74791 /* Release */ = {
			isa = XCBuildConfiguration;
			buildSettings = {
				BUNDLE_LOADER = "$(TEST_HOST)";
				INFOPLIST_FILE = showRoomsTests/Info.plist;
				LD_RUNPATH_SEARCH_PATHS = "$(inherited) @executable_path/Frameworks @loader_path/Frameworks";
				PRODUCT_BUNDLE_IDENTIFIER = hoangthai.vn.showRoomsTests;
				PRODUCT_NAME = "$(TARGET_NAME)";
				TEST_HOST = "$(BUILT_PRODUCTS_DIR)/showRooms.app/showRooms";
			};
			name = Release;
		};
		AB90424D1CA367D900F74791 /* Debug */ = {
			isa = XCBuildConfiguration;
			buildSettings = {
				INFOPLIST_FILE = showRoomsUITests/Info.plist;
				LD_RUNPATH_SEARCH_PATHS = "$(inherited) @executable_path/Frameworks @loader_path/Frameworks";
				PRODUCT_BUNDLE_IDENTIFIER = hoangthai.vn.showRoomsUITests;
				PRODUCT_NAME = "$(TARGET_NAME)";
				TEST_TARGET_NAME = showRooms;
				USES_XCTRUNNER = YES;
			};
			name = Debug;
		};
		AB90424E1CA367D900F74791 /* Release */ = {
			isa = XCBuildConfiguration;
			buildSettings = {
				INFOPLIST_FILE = showRoomsUITests/Info.plist;
				LD_RUNPATH_SEARCH_PATHS = "$(inherited) @executable_path/Frameworks @loader_path/Frameworks";
				PRODUCT_BUNDLE_IDENTIFIER = hoangthai.vn.showRoomsUITests;
				PRODUCT_NAME = "$(TARGET_NAME)";
				TEST_TARGET_NAME = showRooms;
				USES_XCTRUNNER = YES;
			};
			name = Release;
		};
/* End XCBuildConfiguration section */

/* Begin XCConfigurationList section */
		AB9042141CA367D900F74791 /* Build configuration list for PBXProject "showRooms" */ = {
			isa = XCConfigurationList;
			buildConfigurations = (
				AB9042441CA367D900F74791 /* Debug */,
				AB9042451CA367D900F74791 /* Release */,
			);
			defaultConfigurationIsVisible = 0;
			defaultConfigurationName = Release;
		};
		AB9042461CA367D900F74791 /* Build configuration list for PBXNativeTarget "showRooms" */ = {
			isa = XCConfigurationList;
			buildConfigurations = (
				AB9042471CA367D900F74791 /* Debug */,
				AB9042481CA367D900F74791 /* Release */,
			);
			defaultConfigurationIsVisible = 0;
			defaultConfigurationName = Release;
		};
		AB9042491CA367D900F74791 /* Build configuration list for PBXNativeTarget "showRoomsTests" */ = {
			isa = XCConfigurationList;
			buildConfigurations = (
				AB90424A1CA367D900F74791 /* Debug */,
				AB90424B1CA367D900F74791 /* Release */,
			);
			defaultConfigurationIsVisible = 0;
			defaultConfigurationName = Release;
		};
		AB90424C1CA367D900F74791 /* Build configuration list for PBXNativeTarget "showRoomsUITests" */ = {
			isa = XCConfigurationList;
			buildConfigurations = (
				AB90424D1CA367D900F74791 /* Debug */,
				AB90424E1CA367D900F74791 /* Release */,
			);
			defaultConfigurationIsVisible = 0;
			defaultConfigurationName = Release;
		};
/* End XCConfigurationList section */
	};
	rootObject = AB9042111CA367D900F74791 /* Project object */;
}
